
Microsoft Visual Studio Solution File, Format Version 12.00
# Visual Studio Version 17
VisualStudioVersion = 17.0.31903.59
MinimumVisualStudioVersion = 10.0.40219.1
Project("{9A19103F-16F7-4668-BE54-9A1E7A4F7556}") = "API", "API\API.csproj", "{7465EBC3-07A7-4B22-93B0-038D576DA0E4}"
EndProject
Project("{9A19103F-16F7-4668-BE54-9A1E7A4F7556}") = "Application", "Application\Application.csproj", "{FCAA58E4-5E6A-4638-9F85-396E7AB27AA1}"
EndProject
Project("{FAE04EC0-301F-11D3-BF4B-00C04F79EFBC}") = "MLDiabetesService", "MLDiabetesService\MLDiabetesService.csproj", "{6F50BB4C-7FDF-4BDB-990A-1AD27988763F}"
EndProject
Global
	GlobalSection(SolutionConfigurationPlatforms) = preSolution
		Debug|Any CPU = Debug|Any CPU
		Release|Any CPU = Release|Any CPU
	EndGlobalSection
	GlobalSection(ProjectConfigurationPlatforms) = postSolution
		{7465EBC3-07A7-4B22-93B0-038D576DA0E4}.Debug|Any CPU.ActiveCfg = Debug|Any CPU
		{7465EBC3-07A7-4B22-93B0-038D576DA0E4}.Debug|Any CPU.Build.0 = Debug|Any CPU
		{7465EBC3-07A7-4B22-93B0-038D576DA0E4}.Release|Any CPU.ActiveCfg = Release|Any CPU
		{7465EBC3-07A7-4B22-93B0-038D576DA0E4}.Release|Any CPU.Build.0 = Release|Any CPU
		{FCAA58E4-5E6A-4638-9F85-396E7AB27AA1}.Debug|Any CPU.ActiveCfg = Debug|Any CPU
		{FCAA58E4-5E6A-4638-9F85-396E7AB27AA1}.Debug|Any CPU.Build.0 = Debug|Any CPU
		{FCAA58E4-5E6A-4638-9F85-396E7AB27AA1}.Release|Any CPU.ActiveCfg = Release|Any CPU
		{FCAA58E4-5E6A-4638-9F85-396E7AB27AA1}.Release|Any CPU.Build.0 = Release|Any CPU
		{6F50BB4C-7FDF-4BDB-990A-1AD27988763F}.Debug|Any CPU.ActiveCfg = Debug|Any CPU
		{6F50BB4C-7FDF-4BDB-990A-1AD27988763F}.Debug|Any CPU.Build.0 = Debug|Any CPU
		{6F50BB4C-7FDF-4BDB-990A-1AD27988763F}.Release|Any CPU.ActiveCfg = Release|Any CPU
		{6F50BB4C-7FDF-4BDB-990A-1AD27988763F}.Release|Any CPU.Build.0 = Release|Any CPU
	EndGlobalSection
	GlobalSection(SolutionProperties) = preSolution
		HideSolutionNode = FALSE
	EndGlobalSection
	GlobalSection(ExtensibilityGlobals) = postSolution
		SolutionGuid = {2FD50F8B-1BA0-4CB6-B7AF-2FFD9355214A}
	EndGlobalSection
EndGlobal
